
Microsoft Visual Studio Solution File, Format Version 12.00
# Visual Studio Version 17
VisualStudioVersion = 17.3.32901.215
MinimumVisualStudioVersion = 10.0.40219.1
Project("{9A19103F-16F7-4668-BE54-9A1E7A4F7556}") = "BookStore.Web", "BookStore.Web\BookStore.Web.csproj", "{3E39E939-5CBA-437C-A2BF-3944144CC2A7}"
EndProject
Project("{9A19103F-16F7-4668-BE54-9A1E7A4F7556}") = "BookStore.Api", "BookStore.Api\BookStore.Api.csproj", "{3D62EFC2-41E2-4653-8AB3-99292CC793C2}"
EndProject
Project("{FAE04EC0-301F-11D3-BF4B-00C04F79EFBC}") = "Books.Models", "Books.Models\Books.Models.csproj", "{637DB290-7EF5-4151-8CC2-B4DFA3AA8FB0}"
EndProject
Project("{FAE04EC0-301F-11D3-BF4B-00C04F79EFBC}") = "BookStore.Testing", "BookStore.Testing\BookStore.Testing.csproj", "{355DF0C9-FB9E-431C-8E23-C6D2CEE1352F}"
EndProject
Global
	GlobalSection(SolutionConfigurationPlatforms) = preSolution
		Debug|Any CPU = Debug|Any CPU
		Release|Any CPU = Release|Any CPU
	EndGlobalSection
	GlobalSection(ProjectConfigurationPlatforms) = postSolution
		{3E39E939-5CBA-437C-A2BF-3944144CC2A7}.Debug|Any CPU.ActiveCfg = Debug|Any CPU
		{3E39E939-5CBA-437C-A2BF-3944144CC2A7}.Debug|Any CPU.Build.0 = Debug|Any CPU
		{3E39E939-5CBA-437C-A2BF-3944144CC2A7}.Release|Any CPU.ActiveCfg = Release|Any CPU
		{3E39E939-5CBA-437C-A2BF-3944144CC2A7}.Release|Any CPU.Build.0 = Release|Any CPU
		{3D62EFC2-41E2-4653-8AB3-99292CC793C2}.Debug|Any CPU.ActiveCfg = Debug|Any CPU
		{3D62EFC2-41E2-4653-8AB3-99292CC793C2}.Debug|Any CPU.Build.0 = Debug|Any CPU
		{3D62EFC2-41E2-4653-8AB3-99292CC793C2}.Release|Any CPU.ActiveCfg = Release|Any CPU
		{3D62EFC2-41E2-4653-8AB3-99292CC793C2}.Release|Any CPU.Build.0 = Release|Any CPU
		{637DB290-7EF5-4151-8CC2-B4DFA3AA8FB0}.Debug|Any CPU.ActiveCfg = Debug|Any CPU
		{637DB290-7EF5-4151-8CC2-B4DFA3AA8FB0}.Debug|Any CPU.Build.0 = Debug|Any CPU
		{637DB290-7EF5-4151-8CC2-B4DFA3AA8FB0}.Release|Any CPU.ActiveCfg = Release|Any CPU
		{637DB290-7EF5-4151-8CC2-B4DFA3AA8FB0}.Release|Any CPU.Build.0 = Release|Any CPU
		{355DF0C9-FB9E-431C-8E23-C6D2CEE1352F}.Debug|Any CPU.ActiveCfg = Debug|Any CPU
		{355DF0C9-FB9E-431C-8E23-C6D2CEE1352F}.Debug|Any CPU.Build.0 = Debug|Any CPU
		{355DF0C9-FB9E-431C-8E23-C6D2CEE1352F}.Release|Any CPU.ActiveCfg = Release|Any CPU
		{355DF0C9-FB9E-431C-8E23-C6D2CEE1352F}.Release|Any CPU.Build.0 = Release|Any CPU
	EndGlobalSection
	GlobalSection(SolutionProperties) = preSolution
		HideSolutionNode = FALSE
	EndGlobalSection
	GlobalSection(ExtensibilityGlobals) = postSolution
		SolutionGuid = {E76AEA7D-AD7E-4845-AC9B-5E3D59040047}
	EndGlobalSection
EndGlobal
